
Microsoft Visual Studio Solution File, Format Version 12.00
# Visual Studio 15
VisualStudioVersion = 15.0.28307.572
MinimumVisualStudioVersion = 10.0.40219.1
Project("{E24C65DC-7377-472B-9ABA-BC803B73C61A}") = "GuessNumberGameApp", "GuessNumberGameApp\", "{4105C3C7-54D2-4CF2-970A-DED6051FB100}"
	ProjectSection(WebsiteProperties) = preProject
		TargetFrameworkMoniker = ".NETFramework,Version%3Dv4.6.1"
		Debug.AspNetCompiler.VirtualPath = "/localhost_64236"
		Debug.AspNetCompiler.PhysicalPath = "GuessNumberGameApp\"
		Debug.AspNetCompiler.TargetPath = "PrecompiledWeb\localhost_64236\"
		Debug.AspNetCompiler.Updateable = "true"
		Debug.AspNetCompiler.ForceOverwrite = "true"
		Debug.AspNetCompiler.FixedNames = "false"
		Debug.AspNetCompiler.Debug = "True"
		Release.AspNetCompiler.VirtualPath = "/localhost_64236"
		Release.AspNetCompiler.PhysicalPath = "GuessNumberGameApp\"
		Release.AspNetCompiler.TargetPath = "PrecompiledWeb\localhost_64236\"
		Release.AspNetCompiler.Updateable = "true"
		Release.AspNetCompiler.ForceOverwrite = "true"
		Release.AspNetCompiler.FixedNames = "false"
		Release.AspNetCompiler.Debug = "False"
		VWDPort = "64236"
		SlnRelativePath = "GuessNumberGameApp\"
		DefaultWebSiteLanguage = "Visual C#"
	EndProjectSection
EndProject
Global
	GlobalSection(SolutionConfigurationPlatforms) = preSolution
		Debug|Any CPU = Debug|Any CPU
	EndGlobalSection
	GlobalSection(ProjectConfigurationPlatforms) = postSolution
		{4105C3C7-54D2-4CF2-970A-DED6051FB100}.Debug|Any CPU.ActiveCfg = Debug|Any CPU
		{4105C3C7-54D2-4CF2-970A-DED6051FB100}.Debug|Any CPU.Build.0 = Debug|Any CPU
	EndGlobalSection
	GlobalSection(SolutionProperties) = preSolution
		HideSolutionNode = FALSE
	EndGlobalSection
	GlobalSection(ExtensibilityGlobals) = postSolution
		SolutionGuid = {1F95E713-5DE1-4DB4-BFDA-B228B37C322F}
	EndGlobalSection
EndGlobal
